
Microsoft Visual Studio Solution File, Format Version 12.00
# Visual Studio 15
VisualStudioVersion = 15.0.27703.2042
MinimumVisualStudioVersion = 10.0.40219.1
Project("{FAE04EC0-301F-11D3-BF4B-00C04F79EFBC}") = "Updater", "Updater\Updater.csproj", "{327EBB71-3177-4464-AE3E-DB1BD764BB76}"
EndProject
Global
	GlobalSection(SolutionConfigurationPlatforms) = preSolution
		Debug|Any CPU = Debug|Any CPU
		Release|Any CPU = Release|Any CPU
	EndGlobalSection
	GlobalSection(ProjectConfigurationPlatforms) = postSolution
		{327EBB71-3177-4464-AE3E-DB1BD764BB76}.Debug|Any CPU.ActiveCfg = Debug|Any CPU
		{327EBB71-3177-4464-AE3E-DB1BD764BB76}.Debug|Any CPU.Build.0 = Debug|Any CPU
		{327EBB71-3177-4464-AE3E-DB1BD764BB76}.Release|Any CPU.ActiveCfg = Release|Any CPU
		{327EBB71-3177-4464-AE3E-DB1BD764BB76}.Release|Any CPU.Build.0 = Release|Any CPU
	EndGlobalSection
	GlobalSection(SolutionProperties) = preSolution
		HideSolutionNode = FALSE
	EndGlobalSection
	GlobalSection(ExtensibilityGlobals) = postSolution
		SolutionGuid = {D194BACB-2F09-4F18-8407-BF8FA45CD2EF}
	EndGlobalSection
EndGlobal
